// !$*UTF8*$!
{
	archiveVersion = 1;
	classes = {
	};
	objectVersion = 56;
	objects = {

/* Begin PBXBuildFile section */
		C802E8812AA7E84600A5BEB5 /* LearningApp.swift in Sources */ = {isa = PBXBuildFile; fileRef = C802E8802AA7E84600A5BEB5 /* LearningApp.swift */; };
		C802E8832AA7E84600A5BEB5 /* HomeView.swift in Sources */ = {isa = PBXBuildFile; fileRef = C802E8822AA7E84600A5BEB5 /* HomeView.swift */; };
		C802E8852AA7E84800A5BEB5 /* Assets.xcassets in Resources */ = {isa = PBXBuildFile; fileRef = C802E8842AA7E84800A5BEB5 /* Assets.xcassets */; };
		C802E8882AA7E84800A5BEB5 /* Preview Assets.xcassets in Resources */ = {isa = PBXBuildFile; fileRef = C802E8872AA7E84800A5BEB5 /* Preview Assets.xcassets */; };
		C802E8962AA898A500A5BEB5 /* data.json in Resources */ = {isa = PBXBuildFile; fileRef = C802E8952AA898A500A5BEB5 /* data.json */; };
		C802E8982AA898AE00A5BEB5 /* style.html in Resources */ = {isa = PBXBuildFile; fileRef = C802E8972AA898AE00A5BEB5 /* style.html */; };
		C802E89A2AA93F8200A5BEB5 /* Module.swift in Sources */ = {isa = PBXBuildFile; fileRef = C802E8992AA93F8200A5BEB5 /* Module.swift */; };
		C802E89C2AA9432700A5BEB5 /* ModuleViewModel.swift in Sources */ = {isa = PBXBuildFile; fileRef = C802E89B2AA9432700A5BEB5 /* ModuleViewModel.swift */; };
		C802E89E2AA9DC1C00A5BEB5 /* HomeViewRow.swift in Sources */ = {isa = PBXBuildFile; fileRef = C802E89D2AA9DC1C00A5BEB5 /* HomeViewRow.swift */; };
		C802E8A52AAC6FB000A5BEB5 /* ContentView.swift in Sources */ = {isa = PBXBuildFile; fileRef = C802E8A42AAC6FB000A5BEB5 /* ContentView.swift */; };
		C802E8A72AAC891600A5BEB5 /* ContentViewRow.swift in Sources */ = {isa = PBXBuildFile; fileRef = C802E8A62AAC891600A5BEB5 /* ContentViewRow.swift */; };
		C802E8B22AAD801500A5BEB5 /* AVKit.framework in Frameworks */ = {isa = PBXBuildFile; fileRef = C802E8B12AAD801500A5BEB5 /* AVKit.framework */; };
		C802E8B42AAE818900A5BEB5 /* ContentDetailedView.swift in Sources */ = {isa = PBXBuildFile; fileRef = C802E8B32AAE818900A5BEB5 /* ContentDetailedView.swift */; };
		C802E8B62AAE859F00A5BEB5 /* Constants.swift in Sources */ = {isa = PBXBuildFile; fileRef = C802E8B52AAE859F00A5BEB5 /* Constants.swift */; };
		C8FA0D8D2AB007D900CC5AE4 /* CodeTextView.swift in Sources */ = {isa = PBXBuildFile; fileRef = C8FA0D8C2AB007D900CC5AE4 /* CodeTextView.swift */; };
/* End PBXBuildFile section */

/* Begin PBXFileReference section */
		C802E87D2AA7E84600A5BEB5 /* Learning.app */ = {isa = PBXFileReference; explicitFileType = wrapper.application; includeInIndex = 0; path = Learning.app; sourceTree = BUILT_PRODUCTS_DIR; };
		C802E8802AA7E84600A5BEB5 /* LearningApp.swift */ = {isa = PBXFileReference; lastKnownFileType = sourcecode.swift; path = LearningApp.swift; sourceTree = "<group>"; };
		C802E8822AA7E84600A5BEB5 /* HomeView.swift */ = {isa = PBXFileReference; lastKnownFileType = sourcecode.swift; path = HomeView.swift; sourceTree = "<group>"; };
		C802E8842AA7E84800A5BEB5 /* Assets.xcassets */ = {isa = PBXFileReference; lastKnownFileType = folder.assetcatalog; path = Assets.xcassets; sourceTree = "<group>"; };
		C802E8872AA7E84800A5BEB5 /* Preview Assets.xcassets */ = {isa = PBXFileReference; lastKnownFileType = folder.assetcatalog; path = "Preview Assets.xcassets"; sourceTree = "<group>"; };
		C802E8952AA898A500A5BEB5 /* data.json */ = {isa = PBXFileReference; fileEncoding = 4; lastKnownFileType = text.json; path = data.json; sourceTree = "<group>"; };
		C802E8972AA898AE00A5BEB5 /* style.html */ = {isa = PBXFileReference; fileEncoding = 4; lastKnownFileType = text.html; path = style.html; sourceTree = "<group>"; };
		C802E8992AA93F8200A5BEB5 /* Module.swift */ = {isa = PBXFileReference; lastKnownFileType = sourcecode.swift; path = Module.swift; sourceTree = "<group>"; };
		C802E89B2AA9432700A5BEB5 /* ModuleViewModel.swift */ = {isa = PBXFileReference; lastKnownFileType = sourcecode.swift; path = ModuleViewModel.swift; sourceTree = "<group>"; };
		C802E89D2AA9DC1C00A5BEB5 /* HomeViewRow.swift */ = {isa = PBXFileReference; lastKnownFileType = sourcecode.swift; path = HomeViewRow.swift; sourceTree = "<group>"; };
		C802E8A42AAC6FB000A5BEB5 /* ContentView.swift */ = {isa = PBXFileReference; lastKnownFileType = sourcecode.swift; path = ContentView.swift; sourceTree = "<group>"; };
		C802E8A62AAC891600A5BEB5 /* ContentViewRow.swift */ = {isa = PBXFileReference; lastKnownFileType = sourcecode.swift; path = ContentViewRow.swift; sourceTree = "<group>"; };
		C802E8B12AAD801500A5BEB5 /* AVKit.framework */ = {isa = PBXFileReference; lastKnownFileType = wrapper.framework; name = AVKit.framework; path = System/Library/Frameworks/AVKit.framework; sourceTree = SDKROOT; };
		C802E8B32AAE818900A5BEB5 /* ContentDetailedView.swift */ = {isa = PBXFileReference; lastKnownFileType = sourcecode.swift; path = ContentDetailedView.swift; sourceTree = "<group>"; };
		C802E8B52AAE859F00A5BEB5 /* Constants.swift */ = {isa = PBXFileReference; lastKnownFileType = sourcecode.swift; path = Constants.swift; sourceTree = "<group>"; };
		C8FA0D8C2AB007D900CC5AE4 /* CodeTextView.swift */ = {isa = PBXFileReference; lastKnownFileType = sourcecode.swift; path = CodeTextView.swift; sourceTree = "<group>"; };
/* End PBXFileReference section */

/* Begin PBXFrameworksBuildPhase section */
		C802E87A2AA7E84600A5BEB5 /* Frameworks */ = {
			isa = PBXFrameworksBuildPhase;
			buildActionMask = 2147483647;
			files = (
				C802E8B22AAD801500A5BEB5 /* AVKit.framework in Frameworks */,
			);
			runOnlyForDeploymentPostprocessing = 0;
		};
/* End PBXFrameworksBuildPhase section */

/* Begin PBXGroup section */
		C802E8742AA7E84600A5BEB5 = {
			isa = PBXGroup;
			children = (
				C802E87F2AA7E84600A5BEB5 /* Learning */,
				C802E87E2AA7E84600A5BEB5 /* Products */,
				C802E8B02AAD801400A5BEB5 /* Frameworks */,
			);
			sourceTree = "<group>";
		};
		C802E87E2AA7E84600A5BEB5 /* Products */ = {
			isa = PBXGroup;
			children = (
				C802E87D2AA7E84600A5BEB5 /* Learning.app */,
			);
			name = Products;
			sourceTree = "<group>";
		};
		C802E87F2AA7E84600A5BEB5 /* Learning */ = {
			isa = PBXGroup;
			children = (
				C802E8802AA7E84600A5BEB5 /* LearningApp.swift */,
				C802E88E2AA7E8E600A5BEB5 /* Views */,
				C802E88F2AA7E8F500A5BEB5 /* ViewModels */,
				C802E8902AA7E90400A5BEB5 /* Models */,
				C802E8932AA7E9B800A5BEB5 /* Resources */,
				C802E8942AA7E9CD00A5BEB5 /* Helpers */,
				C802E8842AA7E84800A5BEB5 /* Assets.xcassets */,
				C802E8862AA7E84800A5BEB5 /* Preview Content */,
			);
			path = Learning;
			sourceTree = "<group>";
		};
		C802E8862AA7E84800A5BEB5 /* Preview Content */ = {
			isa = PBXGroup;
			children = (
				C802E8872AA7E84800A5BEB5 /* Preview Assets.xcassets */,
			);
			path = "Preview Content";
			sourceTree = "<group>";
		};
		C802E88E2AA7E8E600A5BEB5 /* Views */ = {
			isa = PBXGroup;
			children = (
				C802E8822AA7E84600A5BEB5 /* HomeView.swift */,
				C802E89D2AA9DC1C00A5BEB5 /* HomeViewRow.swift */,
				C802E8A42AAC6FB000A5BEB5 /* ContentView.swift */,
				C802E8B32AAE818900A5BEB5 /* ContentDetailedView.swift */,
				C802E8A62AAC891600A5BEB5 /* ContentViewRow.swift */,
				C8FA0D8C2AB007D900CC5AE4 /* CodeTextView.swift */,
			);
			path = Views;
			sourceTree = "<group>";
		};
		C802E88F2AA7E8F500A5BEB5 /* ViewModels */ = {
			isa = PBXGroup;
			children = (
				C802E89B2AA9432700A5BEB5 /* ModuleViewModel.swift */,
			);
			path = ViewModels;
			sourceTree = "<group>";
		};
		C802E8902AA7E90400A5BEB5 /* Models */ = {
			isa = PBXGroup;
			children = (
				C802E8992AA93F8200A5BEB5 /* Module.swift */,
			);
			path = Models;
			sourceTree = "<group>";
		};
		C802E8932AA7E9B800A5BEB5 /* Resources */ = {
			isa = PBXGroup;
			children = (
				C802E8952AA898A500A5BEB5 /* data.json */,
				C802E8972AA898AE00A5BEB5 /* style.html */,
				C802E8B52AAE859F00A5BEB5 /* Constants.swift */,
			);
			path = Resources;
			sourceTree = "<group>";
		};
		C802E8942AA7E9CD00A5BEB5 /* Helpers */ = {
			isa = PBXGroup;
			children = (
			);
			path = Helpers;
			sourceTree = "<group>";
		};
		C802E8B02AAD801400A5BEB5 /* Frameworks */ = {
			isa = PBXGroup;
			children = (
				C802E8B12AAD801500A5BEB5 /* AVKit.framework */,
			);
			name = Frameworks;
			sourceTree = "<group>";
		};
/* End PBXGroup section */

/* Begin PBXNativeTarget section */
		C802E87C2AA7E84600A5BEB5 /* Learning */ = {
			isa = PBXNativeTarget;
			buildConfigurationList = C802E88B2AA7E84800A5BEB5 /* Build configuration list for PBXNativeTarget "Learning" */;
			buildPhases = (
				C802E8792AA7E84600A5BEB5 /* Sources */,
				C802E87A2AA7E84600A5BEB5 /* Frameworks */,
				C802E87B2AA7E84600A5BEB5 /* Resources */,
			);
			buildRules = (
			);
			dependencies = (
			);
			name = Learning;
			productName = Learning;
			productReference = C802E87D2AA7E84600A5BEB5 /* Learning.app */;
			productType = "com.apple.product-type.application";
		};
/* End PBXNativeTarget section */

/* Begin PBXProject section */
		C802E8752AA7E84600A5BEB5 /* Project object */ = {
			isa = PBXProject;
			attributes = {
				BuildIndependentTargetsInParallel = 1;
				LastSwiftUpdateCheck = 1430;
				LastUpgradeCheck = 1430;
				TargetAttributes = {
					C802E87C2AA7E84600A5BEB5 = {
						CreatedOnToolsVersion = 14.3.1;
					};
				};
			};
			buildConfigurationList = C802E8782AA7E84600A5BEB5 /* Build configuration list for PBXProject "Learning" */;
			compatibilityVersion = "Xcode 14.0";
			developmentRegion = en;
			hasScannedForEncodings = 0;
			knownRegions = (
				en,
				Base,
			);
			mainGroup = C802E8742AA7E84600A5BEB5;
			productRefGroup = C802E87E2AA7E84600A5BEB5 /* Products */;
			projectDirPath = "";
			projectRoot = "";
			targets = (
				C802E87C2AA7E84600A5BEB5 /* Learning */,
			);
		};
/* End PBXProject section */

/* Begin PBXResourcesBuildPhase section */
		C802E87B2AA7E84600A5BEB5 /* Resources */ = {
			isa = PBXResourcesBuildPhase;
			buildActionMask = 2147483647;
			files = (
				C802E8882AA7E84800A5BEB5 /* Preview Assets.xcassets in Resources */,
				C802E8962AA898A500A5BEB5 /* data.json in Resources */,
				C802E8982AA898AE00A5BEB5 /* style.html in Resources */,
				C802E8852AA7E84800A5BEB5 /* Assets.xcassets in Resources */,
			);
			runOnlyForDeploymentPostprocessing = 0;
		};
/* End PBXResourcesBuildPhase section */

/* Begin PBXSourcesBuildPhase section */
		C802E8792AA7E84600A5BEB5 /* Sources */ = {
			isa = PBXSourcesBuildPhase;
			buildActionMask = 2147483647;
			files = (
				C802E8832AA7E84600A5BEB5 /* HomeView.swift in Sources */,
				C802E89E2AA9DC1C00A5BEB5 /* HomeViewRow.swift in Sources */,
				C802E8A52AAC6FB000A5BEB5 /* ContentView.swift in Sources */,
				C802E89A2AA93F8200A5BEB5 /* Module.swift in Sources */,
				C802E8A72AAC891600A5BEB5 /* ContentViewRow.swift in Sources */,
				C802E8812AA7E84600A5BEB5 /* LearningApp.swift in Sources */,
				C8FA0D8D2AB007D900CC5AE4 /* CodeTextView.swift in Sources */,
				C802E8B42AAE818900A5BEB5 /* ContentDetailedView.swift in Sources */,
				C802E89C2AA9432700A5BEB5 /* ModuleViewModel.swift in Sources */,
				C802E8B62AAE859F00A5BEB5 /* Constants.swift in Sources */,
			);
			runOnlyForDeploymentPostprocessing = 0;
		};
/* End PBXSourcesBuildPhase section */

/* Begin XCBuildConfiguration section */
		C802E8892AA7E84800A5BEB5 /* Debug */ = {
			isa = XCBuildConfiguration;
			buildSettings = {
				ALWAYS_SEARCH_USER_PATHS = NO;
				CLANG_ANALYZER_NONNULL = YES;
				CLANG_ANALYZER_NUMBER_OBJECT_CONVERSION = YES_AGGRESSIVE;
				CLANG_CXX_LANGUAGE_STANDARD = "gnu++20";
				CLANG_ENABLE_MODULES = YES;
				CLANG_ENABLE_OBJC_ARC = YES;
				CLANG_ENABLE_OBJC_WEAK = YES;
				CLANG_WARN_BLOCK_CAPTURE_AUTORELEASING = YES;
				CLANG_WARN_BOOL_CONVERSION = YES;
				CLANG_WARN_COMMA = YES;
				CLANG_WARN_CONSTANT_CONVERSION = YES;
				CLANG_WARN_DEPRECATED_OBJC_IMPLEMENTATIONS = YES;
				CLANG_WARN_DIRECT_OBJC_ISA_USAGE = YES_ERROR;
				CLANG_WARN_DOCUMENTATION_COMMENTS = YES;
				CLANG_WARN_EMPTY_BODY = YES;
				CLANG_WARN_ENUM_CONVERSION = YES;
				CLANG_WARN_INFINITE_RECURSION = YES;
				CLANG_WARN_INT_CONVERSION = YES;
				CLANG_WARN_NON_LITERAL_NULL_CONVERSION = YES;
				CLANG_WARN_OBJC_IMPLICIT_RETAIN_SELF = YES;
				CLANG_WARN_OBJC_LITERAL_CONVERSION = YES;
				CLANG_WARN_OBJC_ROOT_CLASS = YES_ERROR;
				CLANG_WARN_QUOTED_INCLUDE_IN_FRAMEWORK_HEADER = YES;
				CLANG_WARN_RANGE_LOOP_ANALYSIS = YES;
				CLANG_WARN_STRICT_PROTOTYPES = YES;
				CLANG_WARN_SUSPICIOUS_MOVE = YES;
				CLANG_WARN_UNGUARDED_AVAILABILITY = YES_AGGRESSIVE;
				CLANG_WARN_UNREACHABLE_CODE = YES;
				CLANG_WARN__DUPLICATE_METHOD_MATCH = YES;
				COPY_PHASE_STRIP = NO;
				DEBUG_INFORMATION_FORMAT = dwarf;
				ENABLE_STRICT_OBJC_MSGSEND = YES;
				ENABLE_TESTABILITY = YES;
				GCC_C_LANGUAGE_STANDARD = gnu11;
				GCC_DYNAMIC_NO_PIC = NO;
				GCC_NO_COMMON_BLOCKS = YES;
				GCC_OPTIMIZATION_LEVEL = 0;
				GCC_PREPROCESSOR_DEFINITIONS = (
					"DEBUG=1",
					"$(inherited)",
				);
				GCC_WARN_64_TO_32_BIT_CONVERSION = YES;
				GCC_WARN_ABOUT_RETURN_TYPE = YES_ERROR;
				GCC_WARN_UNDECLARED_SELECTOR = YES;
				GCC_WARN_UNINITIALIZED_AUTOS = YES_AGGRESSIVE;
				GCC_WARN_UNUSED_FUNCTION = YES;
				GCC_WARN_UNUSED_VARIABLE = YES;
				IPHONEOS_DEPLOYMENT_TARGET = 16.4;
				MTL_ENABLE_DEBUG_INFO = INCLUDE_SOURCE;
				MTL_FAST_MATH = YES;
				ONLY_ACTIVE_ARCH = YES;
				SDKROOT = iphoneos;
				SWIFT_ACTIVE_COMPILATION_CONDITIONS = DEBUG;
				SWIFT_OPTIMIZATION_LEVEL = "-Onone";
			};
			name = Debug;
		};
		C802E88A2AA7E84800A5BEB5 /* Release */ = {
			isa = XCBuildConfiguration;
			buildSettings = {
				ALWAYS_SEARCH_USER_PATHS = NO;
				CLANG_ANALYZER_NONNULL = YES;
				CLANG_ANALYZER_NUMBER_OBJECT_CONVERSION = YES_AGGRESSIVE;
				CLANG_CXX_LANGUAGE_STANDARD = "gnu++20";
				CLANG_ENABLE_MODULES = YES;
				CLANG_ENABLE_OBJC_ARC = YES;
				CLANG_ENABLE_OBJC_WEAK = YES;
				CLANG_WARN_BLOCK_CAPTURE_AUTORELEASING = YES;
				CLANG_WARN_BOOL_CONVERSION = YES;
				CLANG_WARN_COMMA = YES;
				CLANG_WARN_CONSTANT_CONVERSION = YES;
				CLANG_WARN_DEPRECATED_OBJC_IMPLEMENTATIONS = YES;
				CLANG_WARN_DIRECT_OBJC_ISA_USAGE = YES_ERROR;
				CLANG_WARN_DOCUMENTATION_COMMENTS = YES;
				CLANG_WARN_EMPTY_BODY = YES;
				CLANG_WARN_ENUM_CONVERSION = YES;
				CLANG_WARN_INFINITE_RECURSION = YES;
				CLANG_WARN_INT_CONVERSION = YES;
				CLANG_WARN_NON_LITERAL_NULL_CONVERSION = YES;
				CLANG_WARN_OBJC_IMPLICIT_RETAIN_SELF = YES;
				CLANG_WARN_OBJC_LITERAL_CONVERSION = YES;
				CLANG_WARN_OBJC_ROOT_CLASS = YES_ERROR;
				CLANG_WARN_QUOTED_INCLUDE_IN_FRAMEWORK_HEADER = YES;
				CLANG_WARN_RANGE_LOOP_ANALYSIS = YES;
				CLANG_WARN_STRICT_PROTOTYPES = YES;
				CLANG_WARN_SUSPICIOUS_MOVE = YES;
				CLANG_WARN_UNGUARDED_AVAILABILITY = YES_AGGRESSIVE;
				CLANG_WARN_UNREACHABLE_CODE = YES;
				CLANG_WARN__DUPLICATE_METHOD_MATCH = YES;
				COPY_PHASE_STRIP = NO;
				DEBUG_INFORMATION_FORMAT = "dwarf-with-dsym";
				ENABLE_NS_ASSERTIONS = NO;
				ENABLE_STRICT_OBJC_MSGSEND = YES;
				GCC_C_LANGUAGE_STANDARD = gnu11;
				GCC_NO_COMMON_BLOCKS = YES;
				GCC_WARN_64_TO_32_BIT_CONVERSION = YES;
				GCC_WARN_ABOUT_RETURN_TYPE = YES_ERROR;
				GCC_WARN_UNDECLARED_SELECTOR = YES;
				GCC_WARN_UNINITIALIZED_AUTOS = YES_AGGRESSIVE;
				GCC_WARN_UNUSED_FUNCTION = YES;
				GCC_WARN_UNUSED_VARIABLE = YES;
				IPHONEOS_DEPLOYMENT_TARGET = 16.4;
				MTL_ENABLE_DEBUG_INFO = NO;
				MTL_FAST_MATH = YES;
				SDKROOT = iphoneos;
				SWIFT_COMPILATION_MODE = wholemodule;
				SWIFT_OPTIMIZATION_LEVEL = "-O";
				VALIDATE_PRODUCT = YES;
			};
			name = Release;
		};
		C802E88C2AA7E84800A5BEB5 /* Debug */ = {
			isa = XCBuildConfiguration;
			buildSettings = {
				ASSETCATALOG_COMPILER_APPICON_NAME = AppIcon;
				ASSETCATALOG_COMPILER_GLOBAL_ACCENT_COLOR_NAME = AccentColor;
				CODE_SIGN_STYLE = Automatic;
				CURRENT_PROJECT_VERSION = 1;
				DEVELOPMENT_ASSET_PATHS = "\"Learning/Preview Content\"";
				ENABLE_PREVIEWS = YES;
				GENERATE_INFOPLIST_FILE = YES;
				INFOPLIST_KEY_UIApplicationSceneManifest_Generation = YES;
				INFOPLIST_KEY_UIApplicationSupportsIndirectInputEvents = YES;
				INFOPLIST_KEY_UILaunchScreen_Generation = YES;
				INFOPLIST_KEY_UISupportedInterfaceOrientations_iPad = "UIInterfaceOrientationPortrait UIInterfaceOrientationPortraitUpsideDown UIInterfaceOrientationLandscapeLeft UIInterfaceOrientationLandscapeRight";
				INFOPLIST_KEY_UISupportedInterfaceOrientations_iPhone = "UIInterfaceOrientationPortrait UIInterfaceOrientationLandscapeLeft UIInterfaceOrientationLandscapeRight";
				LD_RUNPATH_SEARCH_PATHS = (
					"$(inherited)",
					"@executable_path/Frameworks",
				);
				MARKETING_VERSION = 1.0;
				PRODUCT_BUNDLE_IDENTIFIER = com.unxq.Learning;
				PRODUCT_NAME = "$(TARGET_NAME)";
				SWIFT_EMIT_LOC_STRINGS = YES;
				SWIFT_VERSION = 5.0;
				TARGETED_DEVICE_FAMILY = "1,2";
			};
			name = Debug;
		};
		C802E88D2AA7E84800A5BEB5 /* Release */ = {
			isa = XCBuildConfiguration;
			buildSettings = {
				ASSETCATALOG_COMPILER_APPICON_NAME = AppIcon;
				ASSETCATALOG_COMPILER_GLOBAL_ACCENT_COLOR_NAME = AccentColor;
				CODE_SIGN_STYLE = Automatic;
				CURRENT_PROJECT_VERSION = 1;
				DEVELOPMENT_ASSET_PATHS = "\"Learning/Preview Content\"";
				ENABLE_PREVIEWS = YES;
				GENERATE_INFOPLIST_FILE = YES;
				INFOPLIST_KEY_UIApplicationSceneManifest_Generation = YES;
				INFOPLIST_KEY_UIApplicationSupportsIndirectInputEvents = YES;
				INFOPLIST_KEY_UILaunchScreen_Generation = YES;
				INFOPLIST_KEY_UISupportedInterfaceOrientations_iPad = "UIInterfaceOrientationPortrait UIInterfaceOrientationPortraitUpsideDown UIInterfaceOrientationLandscapeLeft UIInterfaceOrientationLandscapeRight";
				INFOPLIST_KEY_UISupportedInterfaceOrientations_iPhone = "UIInterfaceOrientationPortrait UIInterfaceOrientationLandscapeLeft UIInterfaceOrientationLandscapeRight";
				LD_RUNPATH_SEARCH_PATHS = (
					"$(inherited)",
					"@executable_path/Frameworks",
				);
				MARKETING_VERSION = 1.0;
				PRODUCT_BUNDLE_IDENTIFIER = com.unxq.Learning;
				PRODUCT_NAME = "$(TARGET_NAME)";
				SWIFT_EMIT_LOC_STRINGS = YES;
				SWIFT_VERSION = 5.0;
				TARGETED_DEVICE_FAMILY = "1,2";
			};
			name = Release;
		};
/* End XCBuildConfiguration section */

/* Begin XCConfigurationList section */
		C802E8782AA7E84600A5BEB5 /* Build configuration list for PBXProject "Learning" */ = {
			isa = XCConfigurationList;
			buildConfigurations = (
				C802E8892AA7E84800A5BEB5 /* Debug */,
				C802E88A2AA7E84800A5BEB5 /* Release */,
			);
			defaultConfigurationIsVisible = 0;
			defaultConfigurationName = Release;
		};
		C802E88B2AA7E84800A5BEB5 /* Build configuration list for PBXNativeTarget "Learning" */ = {
			isa = XCConfigurationList;
			buildConfigurations = (
				C802E88C2AA7E84800A5BEB5 /* Debug */,
				C802E88D2AA7E84800A5BEB5 /* Release */,
			);
			defaultConfigurationIsVisible = 0;
			defaultConfigurationName = Release;
		};
/* End XCConfigurationList section */
	};
	rootObject = C802E8752AA7E84600A5BEB5 /* Project object */;
}
